// !$*UTF8*$!
{
	archiveVersion = 1;
	classes = {
	};
	objectVersion = 56;
	objects = {

/* Begin PBXBuildFile section */
		73C70BD12B47CC9100FE572A /* ToDoListApp.swift in Sources */ = {isa = PBXBuildFile; fileRef = 73C70BD02B47CC9100FE572A /* ToDoListApp.swift */; };
		73C70BD32B47CC9100FE572A /* MainView.swift in Sources */ = {isa = PBXBuildFile; fileRef = 73C70BD22B47CC9100FE572A /* MainView.swift */; };
		73C70BD52B47CC9300FE572A /* Assets.xcassets in Resources */ = {isa = PBXBuildFile; fileRef = 73C70BD42B47CC9300FE572A /* Assets.xcassets */; };
		73C70BD82B47CC9300FE572A /* Preview Assets.xcassets in Resources */ = {isa = PBXBuildFile; fileRef = 73C70BD72B47CC9300FE572A /* Preview Assets.xcassets */; };
		73C70BE02B47DE6300FE572A /* FirebaseAuth in Frameworks */ = {isa = PBXBuildFile; productRef = 73C70BDF2B47DE6300FE572A /* FirebaseAuth */; };
		73C70BE22B47DE6300FE572A /* FirebaseFirestore in Frameworks */ = {isa = PBXBuildFile; productRef = 73C70BE12B47DE6300FE572A /* FirebaseFirestore */; };
		73C70BE42B47DE6300FE572A /* FirebaseFirestoreSwift in Frameworks */ = {isa = PBXBuildFile; productRef = 73C70BE32B47DE6300FE572A /* FirebaseFirestoreSwift */; };
		73C70BE82B47E23300FE572A /* GoogleService-Info.plist in Resources */ = {isa = PBXBuildFile; fileRef = 73C70BE72B47E23300FE572A /* GoogleService-Info.plist */; };
		73C70BEE2B47E57A00FE572A /* ProfileView.swift in Sources */ = {isa = PBXBuildFile; fileRef = 73C70BED2B47E57A00FE572A /* ProfileView.swift */; };
		73C70BF02B47E5A200FE572A /* ToDoListItemView.swift in Sources */ = {isa = PBXBuildFile; fileRef = 73C70BEF2B47E5A200FE572A /* ToDoListItemView.swift */; };
		73C70BF22B47E5C300FE572A /* NewItemView.swift in Sources */ = {isa = PBXBuildFile; fileRef = 73C70BF12B47E5C300FE572A /* NewItemView.swift */; };
		73C70BF42B47E5D000FE572A /* LoginView.swift in Sources */ = {isa = PBXBuildFile; fileRef = 73C70BF32B47E5D000FE572A /* LoginView.swift */; };
		73C70BF62B47E5E700FE572A /* RegisterView.swift in Sources */ = {isa = PBXBuildFile; fileRef = 73C70BF52B47E5E700FE572A /* RegisterView.swift */; };
		73C70BF82B47E61800FE572A /* ToDoListView.swift in Sources */ = {isa = PBXBuildFile; fileRef = 73C70BF72B47E61800FE572A /* ToDoListView.swift */; };
		73C70BFA2B47E63900FE572A /* User.swift in Sources */ = {isa = PBXBuildFile; fileRef = 73C70BF92B47E63900FE572A /* User.swift */; };
		73C70BFC2B47E64B00FE572A /* ToDoListItem.swift in Sources */ = {isa = PBXBuildFile; fileRef = 73C70BFB2B47E64B00FE572A /* ToDoListItem.swift */; };
		73C70BFE2B47E86D00FE572A /* MainViewModel.swift in Sources */ = {isa = PBXBuildFile; fileRef = 73C70BFD2B47E86D00FE572A /* MainViewModel.swift */; };
		73C70C002B47E88200FE572A /* ProfileViewModel.swift in Sources */ = {isa = PBXBuildFile; fileRef = 73C70BFF2B47E88200FE572A /* ProfileViewModel.swift */; };
		73C70C022B47E8A800FE572A /* ToDoListItemViewModel.swift in Sources */ = {isa = PBXBuildFile; fileRef = 73C70C012B47E8A800FE572A /* ToDoListItemViewModel.swift */; };
		73C70C042B47E8BD00FE572A /* NewItemViewModel.swift in Sources */ = {isa = PBXBuildFile; fileRef = 73C70C032B47E8BD00FE572A /* NewItemViewModel.swift */; };
		73C70C062B47E8CF00FE572A /* LoginViewModel.swift in Sources */ = {isa = PBXBuildFile; fileRef = 73C70C052B47E8CF00FE572A /* LoginViewModel.swift */; };
		73C70C082B47E8EA00FE572A /* RegisterViewModel.swift in Sources */ = {isa = PBXBuildFile; fileRef = 73C70C072B47E8EA00FE572A /* RegisterViewModel.swift */; };
		73C70C0A2B47E90600FE572A /* ToDoListViewModel.swift in Sources */ = {isa = PBXBuildFile; fileRef = 73C70C092B47E90600FE572A /* ToDoListViewModel.swift */; };
		73C70C0E2B48339E00FE572A /* HeaderView.swift in Sources */ = {isa = PBXBuildFile; fileRef = 73C70C0D2B48339E00FE572A /* HeaderView.swift */; };
		73C70C102B48386B00FE572A /* CustomButton.swift in Sources */ = {isa = PBXBuildFile; fileRef = 73C70C0F2B48386B00FE572A /* CustomButton.swift */; };
		73C70C122B49246700FE572A /* Extensions.swift in Sources */ = {isa = PBXBuildFile; fileRef = 73C70C112B49246700FE572A /* Extensions.swift */; };
		73C70C142B4A876000FE572A /* Launch Screen.storyboard in Resources */ = {isa = PBXBuildFile; fileRef = 73C70C132B4A876000FE572A /* Launch Screen.storyboard */; };
/* End PBXBuildFile section */

/* Begin PBXFileReference section */
		73C70BCD2B47CC9100FE572A /* ToDoList.app */ = {isa = PBXFileReference; explicitFileType = wrapper.application; includeInIndex = 0; path = ToDoList.app; sourceTree = BUILT_PRODUCTS_DIR; };
		73C70BD02B47CC9100FE572A /* ToDoListApp.swift */ = {isa = PBXFileReference; lastKnownFileType = sourcecode.swift; path = ToDoListApp.swift; sourceTree = "<group>"; };
		73C70BD22B47CC9100FE572A /* MainView.swift */ = {isa = PBXFileReference; lastKnownFileType = sourcecode.swift; path = MainView.swift; sourceTree = "<group>"; };
		73C70BD42B47CC9300FE572A /* Assets.xcassets */ = {isa = PBXFileReference; lastKnownFileType = folder.assetcatalog; path = Assets.xcassets; sourceTree = "<group>"; };
		73C70BD72B47CC9300FE572A /* Preview Assets.xcassets */ = {isa = PBXFileReference; lastKnownFileType = folder.assetcatalog; path = "Preview Assets.xcassets"; sourceTree = "<group>"; };
		73C70BE72B47E23300FE572A /* GoogleService-Info.plist */ = {isa = PBXFileReference; fileEncoding = 4; lastKnownFileType = text.plist.xml; path = "GoogleService-Info.plist"; sourceTree = "<group>"; };
		73C70BED2B47E57A00FE572A /* ProfileView.swift */ = {isa = PBXFileReference; lastKnownFileType = sourcecode.swift; path = ProfileView.swift; sourceTree = "<group>"; };
		73C70BEF2B47E5A200FE572A /* ToDoListItemView.swift */ = {isa = PBXFileReference; lastKnownFileType = sourcecode.swift; path = ToDoListItemView.swift; sourceTree = "<group>"; };
		73C70BF12B47E5C300FE572A /* NewItemView.swift */ = {isa = PBXFileReference; lastKnownFileType = sourcecode.swift; path = NewItemView.swift; sourceTree = "<group>"; };
		73C70BF32B47E5D000FE572A /* LoginView.swift */ = {isa = PBXFileReference; lastKnownFileType = sourcecode.swift; path = LoginView.swift; sourceTree = "<group>"; };
		73C70BF52B47E5E700FE572A /* RegisterView.swift */ = {isa = PBXFileReference; lastKnownFileType = sourcecode.swift; path = RegisterView.swift; sourceTree = "<group>"; };
		73C70BF72B47E61800FE572A /* ToDoListView.swift */ = {isa = PBXFileReference; lastKnownFileType = sourcecode.swift; path = ToDoListView.swift; sourceTree = "<group>"; };
		73C70BF92B47E63900FE572A /* User.swift */ = {isa = PBXFileReference; lastKnownFileType = sourcecode.swift; path = User.swift; sourceTree = "<group>"; };
		73C70BFB2B47E64B00FE572A /* ToDoListItem.swift */ = {isa = PBXFileReference; lastKnownFileType = sourcecode.swift; path = ToDoListItem.swift; sourceTree = "<group>"; };
		73C70BFD2B47E86D00FE572A /* MainViewModel.swift */ = {isa = PBXFileReference; lastKnownFileType = sourcecode.swift; path = MainViewModel.swift; sourceTree = "<group>"; };
		73C70BFF2B47E88200FE572A /* ProfileViewModel.swift */ = {isa = PBXFileReference; lastKnownFileType = sourcecode.swift; path = ProfileViewModel.swift; sourceTree = "<group>"; };
		73C70C012B47E8A800FE572A /* ToDoListItemViewModel.swift */ = {isa = PBXFileReference; lastKnownFileType = sourcecode.swift; path = ToDoListItemViewModel.swift; sourceTree = "<group>"; };
		73C70C032B47E8BD00FE572A /* NewItemViewModel.swift */ = {isa = PBXFileReference; lastKnownFileType = sourcecode.swift; path = NewItemViewModel.swift; sourceTree = "<group>"; };
		73C70C052B47E8CF00FE572A /* LoginViewModel.swift */ = {isa = PBXFileReference; lastKnownFileType = sourcecode.swift; path = LoginViewModel.swift; sourceTree = "<group>"; };
		73C70C072B47E8EA00FE572A /* RegisterViewModel.swift */ = {isa = PBXFileReference; lastKnownFileType = sourcecode.swift; path = RegisterViewModel.swift; sourceTree = "<group>"; };
		73C70C092B47E90600FE572A /* ToDoListViewModel.swift */ = {isa = PBXFileReference; lastKnownFileType = sourcecode.swift; path = ToDoListViewModel.swift; sourceTree = "<group>"; };
		73C70C0D2B48339E00FE572A /* HeaderView.swift */ = {isa = PBXFileReference; lastKnownFileType = sourcecode.swift; path = HeaderView.swift; sourceTree = "<group>"; };
		73C70C0F2B48386B00FE572A /* CustomButton.swift */ = {isa = PBXFileReference; lastKnownFileType = sourcecode.swift; path = CustomButton.swift; sourceTree = "<group>"; };
		73C70C112B49246700FE572A /* Extensions.swift */ = {isa = PBXFileReference; lastKnownFileType = sourcecode.swift; path = Extensions.swift; sourceTree = "<group>"; };
		73C70C132B4A876000FE572A /* Launch Screen.storyboard */ = {isa = PBXFileReference; lastKnownFileType = file.storyboard; path = "Launch Screen.storyboard"; sourceTree = "<group>"; };
/* End PBXFileReference section */

/* Begin PBXFrameworksBuildPhase section */
		73C70BCA2B47CC9100FE572A /* Frameworks */ = {
			isa = PBXFrameworksBuildPhase;
			buildActionMask = 2147483647;
			files = (
				73C70BE02B47DE6300FE572A /* FirebaseAuth in Frameworks */,
				73C70BE22B47DE6300FE572A /* FirebaseFirestore in Frameworks */,
				73C70BE42B47DE6300FE572A /* FirebaseFirestoreSwift in Frameworks */,
			);
			runOnlyForDeploymentPostprocessing = 0;
		};
/* End PBXFrameworksBuildPhase section */

/* Begin PBXGroup section */
		73C70BC42B47CC9100FE572A = {
			isa = PBXGroup;
			children = (
				73C70BCF2B47CC9100FE572A /* ToDoList */,
				73C70BCE2B47CC9100FE572A /* Products */,
			);
			sourceTree = "<group>";
		};
		73C70BCE2B47CC9100FE572A /* Products */ = {
			isa = PBXGroup;
			children = (
				73C70BCD2B47CC9100FE572A /* ToDoList.app */,
			);
			name = Products;
			sourceTree = "<group>";
		};
		73C70BCF2B47CC9100FE572A /* ToDoList */ = {
			isa = PBXGroup;
			children = (
				73C70BD02B47CC9100FE572A /* ToDoListApp.swift */,
				73C70BD42B47CC9300FE572A /* Assets.xcassets */,
				73C70BE72B47E23300FE572A /* GoogleService-Info.plist */,
				73C70C152B4A8FC900FE572A /* Main */,
				73C70C172B4A8FFA00FE572A /* Profile */,
				73C70C1A2B4A906500FE572A /* Login */,
				73C70C1B2B4A907300FE572A /* Registration */,
				73C70C192B4A905500FE572A /* NewItem */,
				73C70C182B4A903E00FE572A /* ToDoList */,
				73C70C162B4A8FEE00FE572A /* Shared */,
				73C70BD62B47CC9300FE572A /* Preview Content */,
				73C70C132B4A876000FE572A /* Launch Screen.storyboard */,
			);
			path = ToDoList;
			sourceTree = "<group>";
		};
		73C70BD62B47CC9300FE572A /* Preview Content */ = {
			isa = PBXGroup;
			children = (
				73C70BD72B47CC9300FE572A /* Preview Assets.xcassets */,
			);
			path = "Preview Content";
			sourceTree = "<group>";
		};
		73C70C152B4A8FC900FE572A /* Main */ = {
			isa = PBXGroup;
			children = (
				73C70BFD2B47E86D00FE572A /* MainViewModel.swift */,
				73C70BD22B47CC9100FE572A /* MainView.swift */,
			);
			path = Main;
			sourceTree = "<group>";
		};
		73C70C162B4A8FEE00FE572A /* Shared */ = {
			isa = PBXGroup;
			children = (
				73C70C1C2B4A908800FE572A /* Views */,
				73C70C1E2B4A926200FE572A /* Models */,
				73C70C112B49246700FE572A /* Extensions.swift */,
			);
			path = Shared;
			sourceTree = "<group>";
		};
		73C70C172B4A8FFA00FE572A /* Profile */ = {
			isa = PBXGroup;
			children = (
				73C70BED2B47E57A00FE572A /* ProfileView.swift */,
				73C70BFF2B47E88200FE572A /* ProfileViewModel.swift */,
			);
			path = Profile;
			sourceTree = "<group>";
		};
		73C70C182B4A903E00FE572A /* ToDoList */ = {
			isa = PBXGroup;
			children = (
				73C70C1D2B4A90E300FE572A /* Item */,
				73C70C092B47E90600FE572A /* ToDoListViewModel.swift */,
				73C70BF72B47E61800FE572A /* ToDoListView.swift */,
			);
			path = ToDoList;
			sourceTree = "<group>";
		};
		73C70C192B4A905500FE572A /* NewItem */ = {
			isa = PBXGroup;
			children = (
				73C70C032B47E8BD00FE572A /* NewItemViewModel.swift */,
				73C70BF12B47E5C300FE572A /* NewItemView.swift */,
			);
			path = NewItem;
			sourceTree = "<group>";
		};
		73C70C1A2B4A906500FE572A /* Login */ = {
			isa = PBXGroup;
			children = (
				73C70BF32B47E5D000FE572A /* LoginView.swift */,
				73C70C052B47E8CF00FE572A /* LoginViewModel.swift */,
			);
			path = Login;
			sourceTree = "<group>";
		};
		73C70C1B2B4A907300FE572A /* Registration */ = {
			isa = PBXGroup;
			children = (
				73C70C072B47E8EA00FE572A /* RegisterViewModel.swift */,
				73C70BF52B47E5E700FE572A /* RegisterView.swift */,
			);
			path = Registration;
			sourceTree = "<group>";
		};
		73C70C1C2B4A908800FE572A /* Views */ = {
			isa = PBXGroup;
			children = (
				73C70C0F2B48386B00FE572A /* CustomButton.swift */,
				73C70C0D2B48339E00FE572A /* HeaderView.swift */,
			);
			path = Views;
			sourceTree = "<group>";
		};
		73C70C1D2B4A90E300FE572A /* Item */ = {
			isa = PBXGroup;
			children = (
				73C70BEF2B47E5A200FE572A /* ToDoListItemView.swift */,
				73C70C012B47E8A800FE572A /* ToDoListItemViewModel.swift */,
			);
			path = Item;
			sourceTree = "<group>";
		};
		73C70C1E2B4A926200FE572A /* Models */ = {
			isa = PBXGroup;
			children = (
				73C70BF92B47E63900FE572A /* User.swift */,
				73C70BFB2B47E64B00FE572A /* ToDoListItem.swift */,
			);
			path = Models;
			sourceTree = "<group>";
		};
/* End PBXGroup section */

/* Begin PBXNativeTarget section */
		73C70BCC2B47CC9100FE572A /* ToDoList */ = {
			isa = PBXNativeTarget;
			buildConfigurationList = 73C70BDB2B47CC9300FE572A /* Build configuration list for PBXNativeTarget "ToDoList" */;
			buildPhases = (
				73C70BC92B47CC9100FE572A /* Sources */,
				73C70BCA2B47CC9100FE572A /* Frameworks */,
				73C70BCB2B47CC9100FE572A /* Resources */,
			);
			buildRules = (
			);
			dependencies = (
			);
			name = ToDoList;
			packageProductDependencies = (
				73C70BDF2B47DE6300FE572A /* FirebaseAuth */,
				73C70BE12B47DE6300FE572A /* FirebaseFirestore */,
				73C70BE32B47DE6300FE572A /* FirebaseFirestoreSwift */,
			);
			productName = ToDoList;
			productReference = 73C70BCD2B47CC9100FE572A /* ToDoList.app */;
			productType = "com.apple.product-type.application";
		};
/* End PBXNativeTarget section */

/* Begin PBXProject section */
		73C70BC52B47CC9100FE572A /* Project object */ = {
			isa = PBXProject;
			attributes = {
				BuildIndependentTargetsInParallel = 1;
				LastSwiftUpdateCheck = 1420;
				LastUpgradeCheck = 1420;
				TargetAttributes = {
					73C70BCC2B47CC9100FE572A = {
						CreatedOnToolsVersion = 14.2;
					};
				};
			};
			buildConfigurationList = 73C70BC82B47CC9100FE572A /* Build configuration list for PBXProject "ToDoList" */;
			compatibilityVersion = "Xcode 14.0";
			developmentRegion = en;
			hasScannedForEncodings = 0;
			knownRegions = (
				en,
				Base,
			);
			mainGroup = 73C70BC42B47CC9100FE572A;
			packageReferences = (
				73C70BDE2B47DE6300FE572A /* XCRemoteSwiftPackageReference "firebase-ios-sdk" */,
			);
			productRefGroup = 73C70BCE2B47CC9100FE572A /* Products */;
			projectDirPath = "";
			projectRoot = "";
			targets = (
				73C70BCC2B47CC9100FE572A /* ToDoList */,
			);
		};
/* End PBXProject section */

/* Begin PBXResourcesBuildPhase section */
		73C70BCB2B47CC9100FE572A /* Resources */ = {
			isa = PBXResourcesBuildPhase;
			buildActionMask = 2147483647;
			files = (
				73C70BD82B47CC9300FE572A /* Preview Assets.xcassets in Resources */,
				73C70BD52B47CC9300FE572A /* Assets.xcassets in Resources */,
				73C70C142B4A876000FE572A /* Launch Screen.storyboard in Resources */,
				73C70BE82B47E23300FE572A /* GoogleService-Info.plist in Resources */,
			);
			runOnlyForDeploymentPostprocessing = 0;
		};
/* End PBXResourcesBuildPhase section */

/* Begin PBXSourcesBuildPhase section */
		73C70BC92B47CC9100FE572A /* Sources */ = {
			isa = PBXSourcesBuildPhase;
			buildActionMask = 2147483647;
			files = (
				73C70BF42B47E5D000FE572A /* LoginView.swift in Sources */,
				73C70C0E2B48339E00FE572A /* HeaderView.swift in Sources */,
				73C70BD32B47CC9100FE572A /* MainView.swift in Sources */,
				73C70C082B47E8EA00FE572A /* RegisterViewModel.swift in Sources */,
				73C70BFE2B47E86D00FE572A /* MainViewModel.swift in Sources */,
				73C70C102B48386B00FE572A /* CustomButton.swift in Sources */,
				73C70BF82B47E61800FE572A /* ToDoListView.swift in Sources */,
				73C70BF02B47E5A200FE572A /* ToDoListItemView.swift in Sources */,
				73C70C002B47E88200FE572A /* ProfileViewModel.swift in Sources */,
				73C70BF62B47E5E700FE572A /* RegisterView.swift in Sources */,
				73C70BFA2B47E63900FE572A /* User.swift in Sources */,
				73C70BEE2B47E57A00FE572A /* ProfileView.swift in Sources */,
				73C70C022B47E8A800FE572A /* ToDoListItemViewModel.swift in Sources */,
				73C70C062B47E8CF00FE572A /* LoginViewModel.swift in Sources */,
				73C70C0A2B47E90600FE572A /* ToDoListViewModel.swift in Sources */,
				73C70C122B49246700FE572A /* Extensions.swift in Sources */,
				73C70BD12B47CC9100FE572A /* ToDoListApp.swift in Sources */,
				73C70BFC2B47E64B00FE572A /* ToDoListItem.swift in Sources */,
				73C70BF22B47E5C300FE572A /* NewItemView.swift in Sources */,
				73C70C042B47E8BD00FE572A /* NewItemViewModel.swift in Sources */,
			);
			runOnlyForDeploymentPostprocessing = 0;
		};
/* End PBXSourcesBuildPhase section */

/* Begin XCBuildConfiguration section */
		73C70BD92B47CC9300FE572A /* Debug */ = {
			isa = XCBuildConfiguration;
			buildSettings = {
				ALWAYS_SEARCH_USER_PATHS = NO;
				CLANG_ANALYZER_NONNULL = YES;
				CLANG_ANALYZER_NUMBER_OBJECT_CONVERSION = YES_AGGRESSIVE;
				CLANG_CXX_LANGUAGE_STANDARD = "gnu++20";
				CLANG_ENABLE_MODULES = YES;
				CLANG_ENABLE_OBJC_ARC = YES;
				CLANG_ENABLE_OBJC_WEAK = YES;
				CLANG_WARN_BLOCK_CAPTURE_AUTORELEASING = YES;
				CLANG_WARN_BOOL_CONVERSION = YES;
				CLANG_WARN_COMMA = YES;
				CLANG_WARN_CONSTANT_CONVERSION = YES;
				CLANG_WARN_DEPRECATED_OBJC_IMPLEMENTATIONS = YES;
				CLANG_WARN_DIRECT_OBJC_ISA_USAGE = YES_ERROR;
				CLANG_WARN_DOCUMENTATION_COMMENTS = YES;
				CLANG_WARN_EMPTY_BODY = YES;
				CLANG_WARN_ENUM_CONVERSION = YES;
				CLANG_WARN_INFINITE_RECURSION = YES;
				CLANG_WARN_INT_CONVERSION = YES;
				CLANG_WARN_NON_LITERAL_NULL_CONVERSION = YES;
				CLANG_WARN_OBJC_IMPLICIT_RETAIN_SELF = YES;
				CLANG_WARN_OBJC_LITERAL_CONVERSION = YES;
				CLANG_WARN_OBJC_ROOT_CLASS = YES_ERROR;
				CLANG_WARN_QUOTED_INCLUDE_IN_FRAMEWORK_HEADER = YES;
				CLANG_WARN_RANGE_LOOP_ANALYSIS = YES;
				CLANG_WARN_STRICT_PROTOTYPES = YES;
				CLANG_WARN_SUSPICIOUS_MOVE = YES;
				CLANG_WARN_UNGUARDED_AVAILABILITY = YES_AGGRESSIVE;
				CLANG_WARN_UNREACHABLE_CODE = YES;
				CLANG_WARN__DUPLICATE_METHOD_MATCH = YES;
				COPY_PHASE_STRIP = NO;
				DEBUG_INFORMATION_FORMAT = dwarf;
				ENABLE_STRICT_OBJC_MSGSEND = YES;
				ENABLE_TESTABILITY = YES;
				GCC_C_LANGUAGE_STANDARD = gnu11;
				GCC_DYNAMIC_NO_PIC = NO;
				GCC_NO_COMMON_BLOCKS = YES;
				GCC_OPTIMIZATION_LEVEL = 0;
				GCC_PREPROCESSOR_DEFINITIONS = (
					"DEBUG=1",
					"$(inherited)",
				);
				GCC_WARN_64_TO_32_BIT_CONVERSION = YES;
				GCC_WARN_ABOUT_RETURN_TYPE = YES_ERROR;
				GCC_WARN_UNDECLARED_SELECTOR = YES;
				GCC_WARN_UNINITIALIZED_AUTOS = YES_AGGRESSIVE;
				GCC_WARN_UNUSED_FUNCTION = YES;
				GCC_WARN_UNUSED_VARIABLE = YES;
				IPHONEOS_DEPLOYMENT_TARGET = 16.2;
				MTL_ENABLE_DEBUG_INFO = INCLUDE_SOURCE;
				MTL_FAST_MATH = YES;
				ONLY_ACTIVE_ARCH = YES;
				SDKROOT = iphoneos;
				SWIFT_ACTIVE_COMPILATION_CONDITIONS = DEBUG;
				SWIFT_OPTIMIZATION_LEVEL = "-Onone";
			};
			name = Debug;
		};
		73C70BDA2B47CC9300FE572A /* Release */ = {
			isa = XCBuildConfiguration;
			buildSettings = {
				ALWAYS_SEARCH_USER_PATHS = NO;
				CLANG_ANALYZER_NONNULL = YES;
				CLANG_ANALYZER_NUMBER_OBJECT_CONVERSION = YES_AGGRESSIVE;
				CLANG_CXX_LANGUAGE_STANDARD = "gnu++20";
				CLANG_ENABLE_MODULES = YES;
				CLANG_ENABLE_OBJC_ARC = YES;
				CLANG_ENABLE_OBJC_WEAK = YES;
				CLANG_WARN_BLOCK_CAPTURE_AUTORELEASING = YES;
				CLANG_WARN_BOOL_CONVERSION = YES;
				CLANG_WARN_COMMA = YES;
				CLANG_WARN_CONSTANT_CONVERSION = YES;
				CLANG_WARN_DEPRECATED_OBJC_IMPLEMENTATIONS = YES;
				CLANG_WARN_DIRECT_OBJC_ISA_USAGE = YES_ERROR;
				CLANG_WARN_DOCUMENTATION_COMMENTS = YES;
				CLANG_WARN_EMPTY_BODY = YES;
				CLANG_WARN_ENUM_CONVERSION = YES;
				CLANG_WARN_INFINITE_RECURSION = YES;
				CLANG_WARN_INT_CONVERSION = YES;
				CLANG_WARN_NON_LITERAL_NULL_CONVERSION = YES;
				CLANG_WARN_OBJC_IMPLICIT_RETAIN_SELF = YES;
				CLANG_WARN_OBJC_LITERAL_CONVERSION = YES;
				CLANG_WARN_OBJC_ROOT_CLASS = YES_ERROR;
				CLANG_WARN_QUOTED_INCLUDE_IN_FRAMEWORK_HEADER = YES;
				CLANG_WARN_RANGE_LOOP_ANALYSIS = YES;
				CLANG_WARN_STRICT_PROTOTYPES = YES;
				CLANG_WARN_SUSPICIOUS_MOVE = YES;
				CLANG_WARN_UNGUARDED_AVAILABILITY = YES_AGGRESSIVE;
				CLANG_WARN_UNREACHABLE_CODE = YES;
				CLANG_WARN__DUPLICATE_METHOD_MATCH = YES;
				COPY_PHASE_STRIP = NO;
				DEBUG_INFORMATION_FORMAT = "dwarf-with-dsym";
				ENABLE_NS_ASSERTIONS = NO;
				ENABLE_STRICT_OBJC_MSGSEND = YES;
				GCC_C_LANGUAGE_STANDARD = gnu11;
				GCC_NO_COMMON_BLOCKS = YES;
				GCC_WARN_64_TO_32_BIT_CONVERSION = YES;
				GCC_WARN_ABOUT_RETURN_TYPE = YES_ERROR;
				GCC_WARN_UNDECLARED_SELECTOR = YES;
				GCC_WARN_UNINITIALIZED_AUTOS = YES_AGGRESSIVE;
				GCC_WARN_UNUSED_FUNCTION = YES;
				GCC_WARN_UNUSED_VARIABLE = YES;
				IPHONEOS_DEPLOYMENT_TARGET = 16.2;
				MTL_ENABLE_DEBUG_INFO = NO;
				MTL_FAST_MATH = YES;
				SDKROOT = iphoneos;
				SWIFT_COMPILATION_MODE = wholemodule;
				SWIFT_OPTIMIZATION_LEVEL = "-O";
				VALIDATE_PRODUCT = YES;
			};
			name = Release;
		};
		73C70BDC2B47CC9300FE572A /* Debug */ = {
			isa = XCBuildConfiguration;
			buildSettings = {
				ASSETCATALOG_COMPILER_APPICON_NAME = AppIcon;
				ASSETCATALOG_COMPILER_GLOBAL_ACCENT_COLOR_NAME = AccentColor;
				ASSETCATALOG_COMPILER_INCLUDE_ALL_APPICON_ASSETS = NO;
				CODE_SIGN_STYLE = Automatic;
				CURRENT_PROJECT_VERSION = 1;
				DEVELOPMENT_ASSET_PATHS = "\"ToDoList/Preview Content\"";
				ENABLE_PREVIEWS = YES;
				GENERATE_INFOPLIST_FILE = YES;
				INFOPLIST_KEY_CFBundleDisplayName = "To Do List";
				INFOPLIST_KEY_LSApplicationCategoryType = "public.app-category.lifestyle";
				INFOPLIST_KEY_UIApplicationSceneManifest_Generation = YES;
				INFOPLIST_KEY_UIApplicationSupportsIndirectInputEvents = YES;
				INFOPLIST_KEY_UILaunchScreen_Generation = YES;
				INFOPLIST_KEY_UILaunchStoryboardName = "Launch Screen.storyboard";
				INFOPLIST_KEY_UISupportedInterfaceOrientations = UIInterfaceOrientationPortrait;
				LD_RUNPATH_SEARCH_PATHS = (
					"$(inherited)",
					"@executable_path/Frameworks",
				);
				MARKETING_VERSION = 1.0;
				PRODUCT_BUNDLE_IDENTIFIER = io.shlauzer.ToDoList;
				PRODUCT_NAME = "$(TARGET_NAME)";
				SWIFT_EMIT_LOC_STRINGS = YES;
				SWIFT_VERSION = 5.0;
				TARGETED_DEVICE_FAMILY = "1,2";
			};
			name = Debug;
		};
		73C70BDD2B47CC9300FE572A /* Release */ = {
			isa = XCBuildConfiguration;
			buildSettings = {
				ASSETCATALOG_COMPILER_APPICON_NAME = AppIcon;
				ASSETCATALOG_COMPILER_GLOBAL_ACCENT_COLOR_NAME = AccentColor;
				ASSETCATALOG_COMPILER_INCLUDE_ALL_APPICON_ASSETS = NO;
				CODE_SIGN_STYLE = Automatic;
				CURRENT_PROJECT_VERSION = 1;
				DEVELOPMENT_ASSET_PATHS = "\"ToDoList/Preview Content\"";
				ENABLE_PREVIEWS = YES;
				GENERATE_INFOPLIST_FILE = YES;
				INFOPLIST_KEY_CFBundleDisplayName = "To Do List";
				INFOPLIST_KEY_LSApplicationCategoryType = "public.app-category.lifestyle";
				INFOPLIST_KEY_UIApplicationSceneManifest_Generation = YES;
				INFOPLIST_KEY_UIApplicationSupportsIndirectInputEvents = YES;
				INFOPLIST_KEY_UILaunchScreen_Generation = YES;
				INFOPLIST_KEY_UILaunchStoryboardName = "Launch Screen.storyboard";
				INFOPLIST_KEY_UISupportedInterfaceOrientations = UIInterfaceOrientationPortrait;
				LD_RUNPATH_SEARCH_PATHS = (
					"$(inherited)",
					"@executable_path/Frameworks",
				);
				MARKETING_VERSION = 1.0;
				PRODUCT_BUNDLE_IDENTIFIER = io.shlauzer.ToDoList;
				PRODUCT_NAME = "$(TARGET_NAME)";
				SWIFT_EMIT_LOC_STRINGS = YES;
				SWIFT_VERSION = 5.0;
				TARGETED_DEVICE_FAMILY = "1,2";
			};
			name = Release;
		};
/* End XCBuildConfiguration section */

/* Begin XCConfigurationList section */
		73C70BC82B47CC9100FE572A /* Build configuration list for PBXProject "ToDoList" */ = {
			isa = XCConfigurationList;
			buildConfigurations = (
				73C70BD92B47CC9300FE572A /* Debug */,
				73C70BDA2B47CC9300FE572A /* Release */,
			);
			defaultConfigurationIsVisible = 0;
			defaultConfigurationName = Release;
		};
		73C70BDB2B47CC9300FE572A /* Build configuration list for PBXNativeTarget "ToDoList" */ = {
			isa = XCConfigurationList;
			buildConfigurations = (
				73C70BDC2B47CC9300FE572A /* Debug */,
				73C70BDD2B47CC9300FE572A /* Release */,
			);
			defaultConfigurationIsVisible = 0;
			defaultConfigurationName = Release;
		};
/* End XCConfigurationList section */

/* Begin XCRemoteSwiftPackageReference section */
		73C70BDE2B47DE6300FE572A /* XCRemoteSwiftPackageReference "firebase-ios-sdk" */ = {
			isa = XCRemoteSwiftPackageReference;
			repositoryURL = "https://github.com/firebase/firebase-ios-sdk.git";
			requirement = {
				kind = upToNextMajorVersion;
				minimumVersion = 9.0.0;
			};
		};
/* End XCRemoteSwiftPackageReference section */

/* Begin XCSwiftPackageProductDependency section */
		73C70BDF2B47DE6300FE572A /* FirebaseAuth */ = {
			isa = XCSwiftPackageProductDependency;
			package = 73C70BDE2B47DE6300FE572A /* XCRemoteSwiftPackageReference "firebase-ios-sdk" */;
			productName = FirebaseAuth;
		};
		73C70BE12B47DE6300FE572A /* FirebaseFirestore */ = {
			isa = XCSwiftPackageProductDependency;
			package = 73C70BDE2B47DE6300FE572A /* XCRemoteSwiftPackageReference "firebase-ios-sdk" */;
			productName = FirebaseFirestore;
		};
		73C70BE32B47DE6300FE572A /* FirebaseFirestoreSwift */ = {
			isa = XCSwiftPackageProductDependency;
			package = 73C70BDE2B47DE6300FE572A /* XCRemoteSwiftPackageReference "firebase-ios-sdk" */;
			productName = FirebaseFirestoreSwift;
		};
/* End XCSwiftPackageProductDependency section */
	};
	rootObject = 73C70BC52B47CC9100FE572A /* Project object */;
}
